// !$*UTF8*$!
{
	archiveVersion = 1;
	classes = {
	};
	objectVersion = 55;
	objects = {

/* Begin PBXBuildFile section */
		5964ECFB2896FEC700DBFA6A /* UIHelper.swift in Sources */ = {isa = PBXBuildFile; fileRef = 5964ECFA2896FEC700DBFA6A /* UIHelper.swift */; };
		EA633F6B287BA63300E5D023 /* AppDelegate.swift in Sources */ = {isa = PBXBuildFile; fileRef = EA633F6A287BA63300E5D023 /* AppDelegate.swift */; };
		EA633F6D287BA63300E5D023 /* SceneDelegate.swift in Sources */ = {isa = PBXBuildFile; fileRef = EA633F6C287BA63300E5D023 /* SceneDelegate.swift */; };
		EA633F74287BA63400E5D023 /* Assets.xcassets in Resources */ = {isa = PBXBuildFile; fileRef = EA633F73287BA63400E5D023 /* Assets.xcassets */; };
		EA633F77287BA63400E5D023 /* LaunchScreen.storyboard in Resources */ = {isa = PBXBuildFile; fileRef = EA633F75287BA63400E5D023 /* LaunchScreen.storyboard */; };
		EA633F7F287BAD4800E5D023 /* SearchViewController.swift in Sources */ = {isa = PBXBuildFile; fileRef = EA633F7E287BAD4800E5D023 /* SearchViewController.swift */; };
		EA633F81287BAD8500E5D023 /* FavoritesListViewController.swift in Sources */ = {isa = PBXBuildFile; fileRef = EA633F80287BAD8500E5D023 /* FavoritesListViewController.swift */; };
		EA633F83287CE4A300E5D023 /* GHFButton.swift in Sources */ = {isa = PBXBuildFile; fileRef = EA633F82287CE4A300E5D023 /* GHFButton.swift */; };
		EA633F85287CE85900E5D023 /* GHFTextField.swift in Sources */ = {isa = PBXBuildFile; fileRef = EA633F84287CE85900E5D023 /* GHFTextField.swift */; };
		EA633F87287D10C200E5D023 /* FollowerListViewController.swift in Sources */ = {isa = PBXBuildFile; fileRef = EA633F86287D10C100E5D023 /* FollowerListViewController.swift */; };
		EAC78EB8287E2DF000D904FD /* GHFTitleLabel.swift in Sources */ = {isa = PBXBuildFile; fileRef = EAC78EB7287E2DF000D904FD /* GHFTitleLabel.swift */; };
		EAC78EBA287E2FD000D904FD /* GHFBodyLabel.swift in Sources */ = {isa = PBXBuildFile; fileRef = EAC78EB9287E2FD000D904FD /* GHFBodyLabel.swift */; };
		EAC78EBC287E314700D904FD /* GHFAlertViewController.swift in Sources */ = {isa = PBXBuildFile; fileRef = EAC78EBB287E314700D904FD /* GHFAlertViewController.swift */; };
		EAC78EBE287E43DD00D904FD /* UIViewController+Ext.swift in Sources */ = {isa = PBXBuildFile; fileRef = EAC78EBD287E43DD00D904FD /* UIViewController+Ext.swift */; };
		EAC78EC52884B7D300D904FD /* Follower.swift in Sources */ = {isa = PBXBuildFile; fileRef = EAC78EC42884B7D300D904FD /* Follower.swift */; };
		EAC78EC72884B89B00D904FD /* User.swift in Sources */ = {isa = PBXBuildFile; fileRef = EAC78EC62884B89B00D904FD /* User.swift */; };
		EAC78ECA2884C1F900D904FD /* NetworkManager.swift in Sources */ = {isa = PBXBuildFile; fileRef = EAC78EC92884C1F900D904FD /* NetworkManager.swift */; };
		EAC78ECD2884CB4400D904FD /* ErrorMessage.swift in Sources */ = {isa = PBXBuildFile; fileRef = EAC78ECC2884CB4400D904FD /* ErrorMessage.swift */; };
		EAC78ED02885561300D904FD /* FollowerCell.swift in Sources */ = {isa = PBXBuildFile; fileRef = EAC78ECF2885561300D904FD /* FollowerCell.swift */; };
		EAC78ED22885569200D904FD /* GHFAvatarImageView.swift in Sources */ = {isa = PBXBuildFile; fileRef = EAC78ED12885569200D904FD /* GHFAvatarImageView.swift */; };
/* End PBXBuildFile section */

/* Begin PBXFileReference section */
		5964ECFA2896FEC700DBFA6A /* UIHelper.swift */ = {isa = PBXFileReference; lastKnownFileType = sourcecode.swift; path = UIHelper.swift; sourceTree = "<group>"; };
		EA633F67287BA63300E5D023 /* GitHub-App.app */ = {isa = PBXFileReference; explicitFileType = wrapper.application; includeInIndex = 0; path = "GitHub-App.app"; sourceTree = BUILT_PRODUCTS_DIR; };
		EA633F6A287BA63300E5D023 /* AppDelegate.swift */ = {isa = PBXFileReference; lastKnownFileType = sourcecode.swift; path = AppDelegate.swift; sourceTree = "<group>"; };
		EA633F6C287BA63300E5D023 /* SceneDelegate.swift */ = {isa = PBXFileReference; lastKnownFileType = sourcecode.swift; path = SceneDelegate.swift; sourceTree = "<group>"; };
		EA633F73287BA63400E5D023 /* Assets.xcassets */ = {isa = PBXFileReference; lastKnownFileType = folder.assetcatalog; path = Assets.xcassets; sourceTree = "<group>"; };
		EA633F76287BA63400E5D023 /* Base */ = {isa = PBXFileReference; lastKnownFileType = file.storyboard; name = Base; path = Base.lproj/LaunchScreen.storyboard; sourceTree = "<group>"; };
		EA633F78287BA63400E5D023 /* Info.plist */ = {isa = PBXFileReference; lastKnownFileType = text.plist.xml; path = Info.plist; sourceTree = "<group>"; };
		EA633F7E287BAD4800E5D023 /* SearchViewController.swift */ = {isa = PBXFileReference; lastKnownFileType = sourcecode.swift; path = SearchViewController.swift; sourceTree = "<group>"; };
		EA633F80287BAD8500E5D023 /* FavoritesListViewController.swift */ = {isa = PBXFileReference; lastKnownFileType = sourcecode.swift; path = FavoritesListViewController.swift; sourceTree = "<group>"; };
		EA633F82287CE4A300E5D023 /* GHFButton.swift */ = {isa = PBXFileReference; lastKnownFileType = sourcecode.swift; path = GHFButton.swift; sourceTree = "<group>"; };
		EA633F84287CE85900E5D023 /* GHFTextField.swift */ = {isa = PBXFileReference; lastKnownFileType = sourcecode.swift; path = GHFTextField.swift; sourceTree = "<group>"; };
		EA633F86287D10C100E5D023 /* FollowerListViewController.swift */ = {isa = PBXFileReference; lastKnownFileType = sourcecode.swift; path = FollowerListViewController.swift; sourceTree = "<group>"; };
		EAC78EB7287E2DF000D904FD /* GHFTitleLabel.swift */ = {isa = PBXFileReference; lastKnownFileType = sourcecode.swift; path = GHFTitleLabel.swift; sourceTree = "<group>"; };
		EAC78EB9287E2FD000D904FD /* GHFBodyLabel.swift */ = {isa = PBXFileReference; lastKnownFileType = sourcecode.swift; path = GHFBodyLabel.swift; sourceTree = "<group>"; };
		EAC78EBB287E314700D904FD /* GHFAlertViewController.swift */ = {isa = PBXFileReference; lastKnownFileType = sourcecode.swift; path = GHFAlertViewController.swift; sourceTree = "<group>"; };
		EAC78EBD287E43DD00D904FD /* UIViewController+Ext.swift */ = {isa = PBXFileReference; lastKnownFileType = sourcecode.swift; path = "UIViewController+Ext.swift"; sourceTree = "<group>"; };
		EAC78EC42884B7D300D904FD /* Follower.swift */ = {isa = PBXFileReference; lastKnownFileType = sourcecode.swift; path = Follower.swift; sourceTree = "<group>"; };
		EAC78EC62884B89B00D904FD /* User.swift */ = {isa = PBXFileReference; lastKnownFileType = sourcecode.swift; path = User.swift; sourceTree = "<group>"; };
		EAC78EC92884C1F900D904FD /* NetworkManager.swift */ = {isa = PBXFileReference; lastKnownFileType = sourcecode.swift; path = NetworkManager.swift; sourceTree = "<group>"; };
		EAC78ECC2884CB4400D904FD /* ErrorMessage.swift */ = {isa = PBXFileReference; lastKnownFileType = sourcecode.swift; path = ErrorMessage.swift; sourceTree = "<group>"; };
		EAC78ECF2885561300D904FD /* FollowerCell.swift */ = {isa = PBXFileReference; lastKnownFileType = sourcecode.swift; path = FollowerCell.swift; sourceTree = "<group>"; };
		EAC78ED12885569200D904FD /* GHFAvatarImageView.swift */ = {isa = PBXFileReference; lastKnownFileType = sourcecode.swift; path = GHFAvatarImageView.swift; sourceTree = "<group>"; };
/* End PBXFileReference section */

/* Begin PBXFrameworksBuildPhase section */
		EA633F64287BA63300E5D023 /* Frameworks */ = {
			isa = PBXFrameworksBuildPhase;
			buildActionMask = 2147483647;
			files = (
			);
			runOnlyForDeploymentPostprocessing = 0;
		};
/* End PBXFrameworksBuildPhase section */

/* Begin PBXGroup section */
		EA633F5E287BA63300E5D023 = {
			isa = PBXGroup;
			children = (
				EA633F69287BA63300E5D023 /* GitHub-App */,
				EA633F68287BA63300E5D023 /* Products */,
			);
			sourceTree = "<group>";
		};
		EA633F68287BA63300E5D023 /* Products */ = {
			isa = PBXGroup;
			children = (
				EA633F67287BA63300E5D023 /* GitHub-App.app */,
			);
			name = Products;
			sourceTree = "<group>";
		};
		EA633F69287BA63300E5D023 /* GitHub-App */ = {
			isa = PBXGroup;
			children = (
				EAC78ECB2884CAFB00D904FD /* Utilities */,
				EAC78EC82884C1EA00D904FD /* Managers */,
				EAC78EC32884B7C900D904FD /* Model */,
				EAC78EC22884B02200D904FD /* Support */,
				EAC78EC12884AFC300D904FD /* Extensions */,
				EAC78EC02884AF9500D904FD /* Custom Views */,
				EAC78EBF2884AF5300D904FD /* Screen */,
				EA633F78287BA63400E5D023 /* Info.plist */,
			);
			path = "GitHub-App";
			sourceTree = "<group>";
		};
		EAC78EBF2884AF5300D904FD /* Screen */ = {
			isa = PBXGroup;
			children = (
				EA633F7E287BAD4800E5D023 /* SearchViewController.swift */,
				EA633F80287BAD8500E5D023 /* FavoritesListViewController.swift */,
				EA633F86287D10C100E5D023 /* FollowerListViewController.swift */,
			);
			path = Screen;
			sourceTree = "<group>";
		};
		EAC78EC02884AF9500D904FD /* Custom Views */ = {
			isa = PBXGroup;
			children = (
				EAC78ECE288555EC00D904FD /* Cells */,
				EAC78EBB287E314700D904FD /* GHFAlertViewController.swift */,
				EA633F82287CE4A300E5D023 /* GHFButton.swift */,
				EA633F84287CE85900E5D023 /* GHFTextField.swift */,
				EAC78EB7287E2DF000D904FD /* GHFTitleLabel.swift */,
				EAC78EB9287E2FD000D904FD /* GHFBodyLabel.swift */,
				EAC78ED12885569200D904FD /* GHFAvatarImageView.swift */,
			);
			path = "Custom Views";
			sourceTree = "<group>";
		};
		EAC78EC12884AFC300D904FD /* Extensions */ = {
			isa = PBXGroup;
			children = (
				EAC78EBD287E43DD00D904FD /* UIViewController+Ext.swift */,
			);
			path = Extensions;
			sourceTree = "<group>";
		};
		EAC78EC22884B02200D904FD /* Support */ = {
			isa = PBXGroup;
			children = (
				EA633F6A287BA63300E5D023 /* AppDelegate.swift */,
				EA633F6C287BA63300E5D023 /* SceneDelegate.swift */,
				EA633F73287BA63400E5D023 /* Assets.xcassets */,
				EA633F75287BA63400E5D023 /* LaunchScreen.storyboard */,
			);
			path = Support;
			sourceTree = "<group>";
		};
		EAC78EC32884B7C900D904FD /* Model */ = {
			isa = PBXGroup;
			children = (
				EAC78EC42884B7D300D904FD /* Follower.swift */,
				EAC78EC62884B89B00D904FD /* User.swift */,
			);
			path = Model;
			sourceTree = "<group>";
		};
		EAC78EC82884C1EA00D904FD /* Managers */ = {
			isa = PBXGroup;
			children = (
				EAC78EC92884C1F900D904FD /* NetworkManager.swift */,
			);
			path = Managers;
			sourceTree = "<group>";
		};
		EAC78ECB2884CAFB00D904FD /* Utilities */ = {
			isa = PBXGroup;
			children = (
				EAC78ECC2884CB4400D904FD /* ErrorMessage.swift */,
				5964ECFA2896FEC700DBFA6A /* UIHelper.swift */,
			);
			path = Utilities;
			sourceTree = "<group>";
		};
		EAC78ECE288555EC00D904FD /* Cells */ = {
			isa = PBXGroup;
			children = (
				EAC78ECF2885561300D904FD /* FollowerCell.swift */,
			);
			path = Cells;
			sourceTree = "<group>";
		};
/* End PBXGroup section */

/* Begin PBXNativeTarget section */
		EA633F66287BA63300E5D023 /* GitHub-App */ = {
			isa = PBXNativeTarget;
			buildConfigurationList = EA633F7B287BA63400E5D023 /* Build configuration list for PBXNativeTarget "GitHub-App" */;
			buildPhases = (
				EA633F63287BA63300E5D023 /* Sources */,
				EA633F64287BA63300E5D023 /* Frameworks */,
				EA633F65287BA63300E5D023 /* Resources */,
			);
			buildRules = (
			);
			dependencies = (
			);
			name = "GitHub-App";
			productName = "GitHub-App";
			productReference = EA633F67287BA63300E5D023 /* GitHub-App.app */;
			productType = "com.apple.product-type.application";
		};
/* End PBXNativeTarget section */

/* Begin PBXProject section */
		EA633F5F287BA63300E5D023 /* Project object */ = {
			isa = PBXProject;
			attributes = {
				BuildIndependentTargetsInParallel = 1;
				LastSwiftUpdateCheck = 1340;
				LastUpgradeCheck = 1340;
				TargetAttributes = {
					EA633F66287BA63300E5D023 = {
						CreatedOnToolsVersion = 13.4.1;
						LastSwiftMigration = 1340;
					};
				};
			};
			buildConfigurationList = EA633F62287BA63300E5D023 /* Build configuration list for PBXProject "GitHub-App" */;
			compatibilityVersion = "Xcode 13.0";
			developmentRegion = en;
			hasScannedForEncodings = 0;
			knownRegions = (
				en,
				Base,
			);
			mainGroup = EA633F5E287BA63300E5D023;
			productRefGroup = EA633F68287BA63300E5D023 /* Products */;
			projectDirPath = "";
			projectRoot = "";
			targets = (
				EA633F66287BA63300E5D023 /* GitHub-App */,
			);
		};
/* End PBXProject section */

/* Begin PBXResourcesBuildPhase section */
		EA633F65287BA63300E5D023 /* Resources */ = {
			isa = PBXResourcesBuildPhase;
			buildActionMask = 2147483647;
			files = (
				EA633F77287BA63400E5D023 /* LaunchScreen.storyboard in Resources */,
				EA633F74287BA63400E5D023 /* Assets.xcassets in Resources */,
			);
			runOnlyForDeploymentPostprocessing = 0;
		};
/* End PBXResourcesBuildPhase section */

/* Begin PBXSourcesBuildPhase section */
		EA633F63287BA63300E5D023 /* Sources */ = {
			isa = PBXSourcesBuildPhase;
			buildActionMask = 2147483647;
			files = (
				EAC78EC72884B89B00D904FD /* User.swift in Sources */,
				EA633F7F287BAD4800E5D023 /* SearchViewController.swift in Sources */,
				EA633F6B287BA63300E5D023 /* AppDelegate.swift in Sources */,
				EA633F81287BAD8500E5D023 /* FavoritesListViewController.swift in Sources */,
				EAC78EBE287E43DD00D904FD /* UIViewController+Ext.swift in Sources */,
				5964ECFB2896FEC700DBFA6A /* UIHelper.swift in Sources */,
				EA633F87287D10C200E5D023 /* FollowerListViewController.swift in Sources */,
				EA633F83287CE4A300E5D023 /* GHFButton.swift in Sources */,
				EAC78ED02885561300D904FD /* FollowerCell.swift in Sources */,
				EAC78ECD2884CB4400D904FD /* ErrorMessage.swift in Sources */,
				EAC78EB8287E2DF000D904FD /* GHFTitleLabel.swift in Sources */,
				EAC78EC52884B7D300D904FD /* Follower.swift in Sources */,
				EAC78EBA287E2FD000D904FD /* GHFBodyLabel.swift in Sources */,
				EAC78ED22885569200D904FD /* GHFAvatarImageView.swift in Sources */,
				EAC78ECA2884C1F900D904FD /* NetworkManager.swift in Sources */,
				EAC78EBC287E314700D904FD /* GHFAlertViewController.swift in Sources */,
				EA633F6D287BA63300E5D023 /* SceneDelegate.swift in Sources */,
				EA633F85287CE85900E5D023 /* GHFTextField.swift in Sources */,
			);
			runOnlyForDeploymentPostprocessing = 0;
		};
/* End PBXSourcesBuildPhase section */

/* Begin PBXVariantGroup section */
		EA633F75287BA63400E5D023 /* LaunchScreen.storyboard */ = {
			isa = PBXVariantGroup;
			children = (
				EA633F76287BA63400E5D023 /* Base */,
			);
			name = LaunchScreen.storyboard;
			sourceTree = "<group>";
		};
/* End PBXVariantGroup section */

/* Begin XCBuildConfiguration section */
		EA633F79287BA63400E5D023 /* Debug */ = {
			isa = XCBuildConfiguration;
			buildSettings = {
				ALWAYS_SEARCH_USER_PATHS = NO;
				CLANG_ANALYZER_NONNULL = YES;
				CLANG_ANALYZER_NUMBER_OBJECT_CONVERSION = YES_AGGRESSIVE;
				CLANG_CXX_LANGUAGE_STANDARD = "gnu++17";
				CLANG_ENABLE_MODULES = YES;
				CLANG_ENABLE_OBJC_ARC = YES;
				CLANG_ENABLE_OBJC_WEAK = YES;
				CLANG_WARN_BLOCK_CAPTURE_AUTORELEASING = YES;
				CLANG_WARN_BOOL_CONVERSION = YES;
				CLANG_WARN_COMMA = YES;
				CLANG_WARN_CONSTANT_CONVERSION = YES;
				CLANG_WARN_DEPRECATED_OBJC_IMPLEMENTATIONS = YES;
				CLANG_WARN_DIRECT_OBJC_ISA_USAGE = YES_ERROR;
				CLANG_WARN_DOCUMENTATION_COMMENTS = YES;
				CLANG_WARN_EMPTY_BODY = YES;
				CLANG_WARN_ENUM_CONVERSION = YES;
				CLANG_WARN_INFINITE_RECURSION = YES;
				CLANG_WARN_INT_CONVERSION = YES;
				CLANG_WARN_NON_LITERAL_NULL_CONVERSION = YES;
				CLANG_WARN_OBJC_IMPLICIT_RETAIN_SELF = YES;
				CLANG_WARN_OBJC_LITERAL_CONVERSION = YES;
				CLANG_WARN_OBJC_ROOT_CLASS = YES_ERROR;
				CLANG_WARN_QUOTED_INCLUDE_IN_FRAMEWORK_HEADER = YES;
				CLANG_WARN_RANGE_LOOP_ANALYSIS = YES;
				CLANG_WARN_STRICT_PROTOTYPES = YES;
				CLANG_WARN_SUSPICIOUS_MOVE = YES;
				CLANG_WARN_UNGUARDED_AVAILABILITY = YES_AGGRESSIVE;
				CLANG_WARN_UNREACHABLE_CODE = YES;
				CLANG_WARN__DUPLICATE_METHOD_MATCH = YES;
				COPY_PHASE_STRIP = NO;
				DEBUG_INFORMATION_FORMAT = dwarf;
				ENABLE_STRICT_OBJC_MSGSEND = YES;
				ENABLE_TESTABILITY = YES;
				GCC_C_LANGUAGE_STANDARD = gnu11;
				GCC_DYNAMIC_NO_PIC = NO;
				GCC_NO_COMMON_BLOCKS = YES;
				GCC_OPTIMIZATION_LEVEL = 0;
				GCC_PREPROCESSOR_DEFINITIONS = (
					"DEBUG=1",
					"$(inherited)",
				);
				GCC_WARN_64_TO_32_BIT_CONVERSION = YES;
				GCC_WARN_ABOUT_RETURN_TYPE = YES_ERROR;
				GCC_WARN_UNDECLARED_SELECTOR = YES;
				GCC_WARN_UNINITIALIZED_AUTOS = YES_AGGRESSIVE;
				GCC_WARN_UNUSED_FUNCTION = YES;
				GCC_WARN_UNUSED_VARIABLE = YES;
				IPHONEOS_DEPLOYMENT_TARGET = 15.5;
				MTL_ENABLE_DEBUG_INFO = INCLUDE_SOURCE;
				MTL_FAST_MATH = YES;
				ONLY_ACTIVE_ARCH = YES;
				SDKROOT = iphoneos;
				SWIFT_ACTIVE_COMPILATION_CONDITIONS = DEBUG;
				SWIFT_OPTIMIZATION_LEVEL = "-Onone";
			};
			name = Debug;
		};
		EA633F7A287BA63400E5D023 /* Release */ = {
			isa = XCBuildConfiguration;
			buildSettings = {
				ALWAYS_SEARCH_USER_PATHS = NO;
				CLANG_ANALYZER_NONNULL = YES;
				CLANG_ANALYZER_NUMBER_OBJECT_CONVERSION = YES_AGGRESSIVE;
				CLANG_CXX_LANGUAGE_STANDARD = "gnu++17";
				CLANG_ENABLE_MODULES = YES;
				CLANG_ENABLE_OBJC_ARC = YES;
				CLANG_ENABLE_OBJC_WEAK = YES;
				CLANG_WARN_BLOCK_CAPTURE_AUTORELEASING = YES;
				CLANG_WARN_BOOL_CONVERSION = YES;
				CLANG_WARN_COMMA = YES;
				CLANG_WARN_CONSTANT_CONVERSION = YES;
				CLANG_WARN_DEPRECATED_OBJC_IMPLEMENTATIONS = YES;
				CLANG_WARN_DIRECT_OBJC_ISA_USAGE = YES_ERROR;
				CLANG_WARN_DOCUMENTATION_COMMENTS = YES;
				CLANG_WARN_EMPTY_BODY = YES;
				CLANG_WARN_ENUM_CONVERSION = YES;
				CLANG_WARN_INFINITE_RECURSION = YES;
				CLANG_WARN_INT_CONVERSION = YES;
				CLANG_WARN_NON_LITERAL_NULL_CONVERSION = YES;
				CLANG_WARN_OBJC_IMPLICIT_RETAIN_SELF = YES;
				CLANG_WARN_OBJC_LITERAL_CONVERSION = YES;
				CLANG_WARN_OBJC_ROOT_CLASS = YES_ERROR;
				CLANG_WARN_QUOTED_INCLUDE_IN_FRAMEWORK_HEADER = YES;
				CLANG_WARN_RANGE_LOOP_ANALYSIS = YES;
				CLANG_WARN_STRICT_PROTOTYPES = YES;
				CLANG_WARN_SUSPICIOUS_MOVE = YES;
				CLANG_WARN_UNGUARDED_AVAILABILITY = YES_AGGRESSIVE;
				CLANG_WARN_UNREACHABLE_CODE = YES;
				CLANG_WARN__DUPLICATE_METHOD_MATCH = YES;
				COPY_PHASE_STRIP = NO;
				DEBUG_INFORMATION_FORMAT = "dwarf-with-dsym";
				ENABLE_NS_ASSERTIONS = NO;
				ENABLE_STRICT_OBJC_MSGSEND = YES;
				GCC_C_LANGUAGE_STANDARD = gnu11;
				GCC_NO_COMMON_BLOCKS = YES;
				GCC_WARN_64_TO_32_BIT_CONVERSION = YES;
				GCC_WARN_ABOUT_RETURN_TYPE = YES_ERROR;
				GCC_WARN_UNDECLARED_SELECTOR = YES;
				GCC_WARN_UNINITIALIZED_AUTOS = YES_AGGRESSIVE;
				GCC_WARN_UNUSED_FUNCTION = YES;
				GCC_WARN_UNUSED_VARIABLE = YES;
				IPHONEOS_DEPLOYMENT_TARGET = 15.5;
				MTL_ENABLE_DEBUG_INFO = NO;
				MTL_FAST_MATH = YES;
				SDKROOT = iphoneos;
				SWIFT_COMPILATION_MODE = wholemodule;
				SWIFT_OPTIMIZATION_LEVEL = "-O";
				VALIDATE_PRODUCT = YES;
			};
			name = Release;
		};
		EA633F7C287BA63400E5D023 /* Debug */ = {
			isa = XCBuildConfiguration;
			buildSettings = {
				ASSETCATALOG_COMPILER_APPICON_NAME = AppIcon;
				ASSETCATALOG_COMPILER_GLOBAL_ACCENT_COLOR_NAME = AccentColor;
				CLANG_ENABLE_MODULES = YES;
				CODE_SIGN_STYLE = Automatic;
				CURRENT_PROJECT_VERSION = 1;
				DEVELOPMENT_TEAM = XC833P6863;
				GENERATE_INFOPLIST_FILE = YES;
				INFOPLIST_FILE = "GitHub-App/Info.plist";
				INFOPLIST_KEY_UIApplicationSupportsIndirectInputEvents = YES;
				INFOPLIST_KEY_UILaunchStoryboardName = LaunchScreen;
				INFOPLIST_KEY_UISupportedInterfaceOrientations = UIInterfaceOrientationPortrait;
				INFOPLIST_KEY_UISupportedInterfaceOrientations_iPad = "UIInterfaceOrientationPortrait UIInterfaceOrientationPortraitUpsideDown UIInterfaceOrientationLandscapeLeft UIInterfaceOrientationLandscapeRight";
				INFOPLIST_KEY_UISupportedInterfaceOrientations_iPhone = "UIInterfaceOrientationPortrait UIInterfaceOrientationLandscapeLeft UIInterfaceOrientationLandscapeRight";
				LD_RUNPATH_SEARCH_PATHS = (
					"$(inherited)",
					"@executable_path/Frameworks",
				);
				MARKETING_VERSION = 1.0;
				PRODUCT_BUNDLE_IDENTIFIER = "com.alumni-coding.GitHub-App";
				PRODUCT_NAME = "$(TARGET_NAME)";
				SWIFT_EMIT_LOC_STRINGS = YES;
				SWIFT_OPTIMIZATION_LEVEL = "-Onone";
				SWIFT_VERSION = 5.0;
				TARGETED_DEVICE_FAMILY = 1;
			};
			name = Debug;
		};
		EA633F7D287BA63400E5D023 /* Release */ = {
			isa = XCBuildConfiguration;
			buildSettings = {
				ASSETCATALOG_COMPILER_APPICON_NAME = AppIcon;
				ASSETCATALOG_COMPILER_GLOBAL_ACCENT_COLOR_NAME = AccentColor;
				CLANG_ENABLE_MODULES = YES;
				CODE_SIGN_STYLE = Automatic;
				CURRENT_PROJECT_VERSION = 1;
				DEVELOPMENT_TEAM = XC833P6863;
				GENERATE_INFOPLIST_FILE = YES;
				INFOPLIST_FILE = "GitHub-App/Info.plist";
				INFOPLIST_KEY_UIApplicationSupportsIndirectInputEvents = YES;
				INFOPLIST_KEY_UILaunchStoryboardName = LaunchScreen;
				INFOPLIST_KEY_UISupportedInterfaceOrientations = UIInterfaceOrientationPortrait;
				INFOPLIST_KEY_UISupportedInterfaceOrientations_iPad = "UIInterfaceOrientationPortrait UIInterfaceOrientationPortraitUpsideDown UIInterfaceOrientationLandscapeLeft UIInterfaceOrientationLandscapeRight";
				INFOPLIST_KEY_UISupportedInterfaceOrientations_iPhone = "UIInterfaceOrientationPortrait UIInterfaceOrientationLandscapeLeft UIInterfaceOrientationLandscapeRight";
				LD_RUNPATH_SEARCH_PATHS = (
					"$(inherited)",
					"@executable_path/Frameworks",
				);
				MARKETING_VERSION = 1.0;
				PRODUCT_BUNDLE_IDENTIFIER = "com.alumni-coding.GitHub-App";
				PRODUCT_NAME = "$(TARGET_NAME)";
				SWIFT_EMIT_LOC_STRINGS = YES;
				SWIFT_VERSION = 5.0;
				TARGETED_DEVICE_FAMILY = 1;
			};
			name = Release;
		};
/* End XCBuildConfiguration section */

/* Begin XCConfigurationList section */
		EA633F62287BA63300E5D023 /* Build configuration list for PBXProject "GitHub-App" */ = {
			isa = XCConfigurationList;
			buildConfigurations = (
				EA633F79287BA63400E5D023 /* Debug */,
				EA633F7A287BA63400E5D023 /* Release */,
			);
			defaultConfigurationIsVisible = 0;
			defaultConfigurationName = Release;
		};
		EA633F7B287BA63400E5D023 /* Build configuration list for PBXNativeTarget "GitHub-App" */ = {
			isa = XCConfigurationList;
			buildConfigurations = (
				EA633F7C287BA63400E5D023 /* Debug */,
				EA633F7D287BA63400E5D023 /* Release */,
			);
			defaultConfigurationIsVisible = 0;
			defaultConfigurationName = Release;
		};
/* End XCConfigurationList section */
	};
	rootObject = EA633F5F287BA63300E5D023 /* Project object */;
}
